{
  "name": "@codehivetx/freepbx-pushover-smsbridge",
  "version": "1.0.0",
  "lockfileVersion": 1,
  "requires": true,
  "dependencies": {
    "pushover-notifications": {
      "version": "1.2.2",
      "resolved": "https://registry.npmjs.org/pushover-notifications/-/pushover-notifications-1.2.2.tgz",
      "integrity": "sha512-+3Xcj+kiMiouZK1Ws8yGBTyl8WMPZZdELgl/iVxYqNwDdlaObBHMhEGPRC6Zb9t0BE27ikOoOqSIO1cKZOtsDA=="
    }
  }
}
